
Microsoft Visual Studio Solution File, Format Version 12.00
# Visual Studio Version 17
VisualStudioVersion = 17.11.35208.52
MinimumVisualStudioVersion = 10.0.40219.1
Project("{FAE04EC0-301F-11D3-BF4B-00C04F79EFBC}") = "GitComitter", "GitComitter.csproj", "{D1B2720F-027B-4694-8CEA-A74A01E7C5C3}"
EndProject
Global
	GlobalSection(SolutionConfigurationPlatforms) = preSolution
		Debug|Any CPU = Debug|Any CPU
		Release|Any CPU = Release|Any CPU
	EndGlobalSection
	GlobalSection(ProjectConfigurationPlatforms) = postSolution
		{D1B2720F-027B-4694-8CEA-A74A01E7C5C3}.Debug|Any CPU.ActiveCfg = Debug|Any CPU
		{D1B2720F-027B-4694-8CEA-A74A01E7C5C3}.Debug|Any CPU.Build.0 = Debug|Any CPU
		{D1B2720F-027B-4694-8CEA-A74A01E7C5C3}.Release|Any CPU.ActiveCfg = Release|Any CPU
		{D1B2720F-027B-4694-8CEA-A74A01E7C5C3}.Release|Any CPU.Build.0 = Release|Any CPU
	EndGlobalSection
	GlobalSection(SolutionProperties) = preSolution
		HideSolutionNode = FALSE
	EndGlobalSection
	GlobalSection(ExtensibilityGlobals) = postSolution
		SolutionGuid = {0BAA1416-5A1C-4471-B3FE-4EF3C978A25B}
	EndGlobalSection
EndGlobal
